// !$*UTF8*$!
{
	archiveVersion = 1;
	classes = {
	};
	objectVersion = 77;
	objects = {

/* Begin PBXBuildFile section */
		6B627267C0F574AE7657BD22 /* Pods_karto4ki_karto4kiUITests.framework in Frameworks */ = {isa = PBXBuildFile; fileRef = 51ACCAFFE54FB27AC5D77D98 /* Pods_karto4ki_karto4kiUITests.framework */; };
		71BF459215396473325D2ED7 /* Pods_karto4ki.framework in Frameworks */ = {isa = PBXBuildFile; fileRef = F130E11B9C01CB7D394F3FF0 /* Pods_karto4ki.framework */; };
		9E37C8F3F0047265A79F374A /* Pods_karto4kiTests.framework in Frameworks */ = {isa = PBXBuildFile; fileRef = FE876CCD3FC4357CD7627710 /* Pods_karto4kiTests.framework */; };
		E1A1E53A2F0DC11D004DCB0C /* Lottie in Frameworks */ = {isa = PBXBuildFile; productRef = E1A1E5392F0DC11D004DCB0C /* Lottie */; };
		E1E947C22F0FBFC1002B526C /* GoogleSignIn in Frameworks */ = {isa = PBXBuildFile; productRef = E1E947C12F0FBFC1002B526C /* GoogleSignIn */; };
		E1E947C42F0FBFC1002B526C /* GoogleSignInSwift in Frameworks */ = {isa = PBXBuildFile; productRef = E1E947C32F0FBFC1002B526C /* GoogleSignInSwift */; };
/* End PBXBuildFile section */

/* Begin PBXContainerItemProxy section */
		E17D94772EF75A690095DF91 /* PBXContainerItemProxy */ = {
			isa = PBXContainerItemProxy;
			containerPortal = E17D94552EF75A670095DF91 /* Project object */;
			proxyType = 1;
			remoteGlobalIDString = E17D945C2EF75A670095DF91;
			remoteInfo = karto4ki;
		};
		E17D94812EF75A690095DF91 /* PBXContainerItemProxy */ = {
			isa = PBXContainerItemProxy;
			containerPortal = E17D94552EF75A670095DF91 /* Project object */;
			proxyType = 1;
			remoteGlobalIDString = E17D945C2EF75A670095DF91;
			remoteInfo = karto4ki;
		};
/* End PBXContainerItemProxy section */

/* Begin PBXFileReference section */
		0F192BB861B651B85501A200 /* Pods-karto4ki-karto4kiUITests.debug.xcconfig */ = {isa = PBXFileReference; includeInIndex = 1; lastKnownFileType = text.xcconfig; name = "Pods-karto4ki-karto4kiUITests.debug.xcconfig"; path = "Target Support Files/Pods-karto4ki-karto4kiUITests/Pods-karto4ki-karto4kiUITests.debug.xcconfig"; sourceTree = "<group>"; };
		1778CD93F2BAF0935403AEA9 /* Pods-karto4kiTests.debug.xcconfig */ = {isa = PBXFileReference; includeInIndex = 1; lastKnownFileType = text.xcconfig; name = "Pods-karto4kiTests.debug.xcconfig"; path = "Target Support Files/Pods-karto4kiTests/Pods-karto4kiTests.debug.xcconfig"; sourceTree = "<group>"; };
		4D65E121303020786FFBBBBE /* Pods-karto4ki.release.xcconfig */ = {isa = PBXFileReference; includeInIndex = 1; lastKnownFileType = text.xcconfig; name = "Pods-karto4ki.release.xcconfig"; path = "Target Support Files/Pods-karto4ki/Pods-karto4ki.release.xcconfig"; sourceTree = "<group>"; };
		51ACCAFFE54FB27AC5D77D98 /* Pods_karto4ki_karto4kiUITests.framework */ = {isa = PBXFileReference; explicitFileType = wrapper.framework; includeInIndex = 0; path = Pods_karto4ki_karto4kiUITests.framework; sourceTree = BUILT_PRODUCTS_DIR; };
		7C0EE5358D14A2724053BAA5 /* Pods-karto4ki-karto4kiUITests.release.xcconfig */ = {isa = PBXFileReference; includeInIndex = 1; lastKnownFileType = text.xcconfig; name = "Pods-karto4ki-karto4kiUITests.release.xcconfig"; path = "Target Support Files/Pods-karto4ki-karto4kiUITests/Pods-karto4ki-karto4kiUITests.release.xcconfig"; sourceTree = "<group>"; };
		A9D9B19F5932A277B416BB1B /* Pods-karto4ki.debug.xcconfig */ = {isa = PBXFileReference; includeInIndex = 1; lastKnownFileType = text.xcconfig; name = "Pods-karto4ki.debug.xcconfig"; path = "Target Support Files/Pods-karto4ki/Pods-karto4ki.debug.xcconfig"; sourceTree = "<group>"; };
		B2D772D57EF2AE4F5072B7B4 /* Pods-karto4kiTests.release.xcconfig */ = {isa = PBXFileReference; includeInIndex = 1; lastKnownFileType = text.xcconfig; name = "Pods-karto4kiTests.release.xcconfig"; path = "Target Support Files/Pods-karto4kiTests/Pods-karto4kiTests.release.xcconfig"; sourceTree = "<group>"; };
		E17D945D2EF75A670095DF91 /* karto4ki.app */ = {isa = PBXFileReference; explicitFileType = wrapper.application; includeInIndex = 0; path = karto4ki.app; sourceTree = BUILT_PRODUCTS_DIR; };
		E17D94762EF75A690095DF91 /* karto4kiTests.xctest */ = {isa = PBXFileReference; explicitFileType = wrapper.cfbundle; includeInIndex = 0; path = karto4kiTests.xctest; sourceTree = BUILT_PRODUCTS_DIR; };
		E17D94802EF75A690095DF91 /* karto4kiUITests.xctest */ = {isa = PBXFileReference; explicitFileType = wrapper.cfbundle; includeInIndex = 0; path = karto4kiUITests.xctest; sourceTree = BUILT_PRODUCTS_DIR; };
		F130E11B9C01CB7D394F3FF0 /* Pods_karto4ki.framework */ = {isa = PBXFileReference; explicitFileType = wrapper.framework; includeInIndex = 0; path = Pods_karto4ki.framework; sourceTree = BUILT_PRODUCTS_DIR; };
		FE876CCD3FC4357CD7627710 /* Pods_karto4kiTests.framework */ = {isa = PBXFileReference; explicitFileType = wrapper.framework; includeInIndex = 0; path = Pods_karto4kiTests.framework; sourceTree = BUILT_PRODUCTS_DIR; };
/* End PBXFileReference section */

/* Begin PBXFileSystemSynchronizedBuildFileExceptionSet section */
		E17D94882EF75A690095DF91 /* Exceptions for "karto4ki" folder in "karto4ki" target */ = {
			isa = PBXFileSystemSynchronizedBuildFileExceptionSet;
			membershipExceptions = (
				Info.plist,
			);
			target = E17D945C2EF75A670095DF91 /* karto4ki */;
		};
/* End PBXFileSystemSynchronizedBuildFileExceptionSet section */

/* Begin PBXFileSystemSynchronizedRootGroup section */
		E17D945F2EF75A670095DF91 /* karto4ki */ = {
			isa = PBXFileSystemSynchronizedRootGroup;
			exceptions = (
				E17D94882EF75A690095DF91 /* Exceptions for "karto4ki" folder in "karto4ki" target */,
			);
			path = karto4ki;
			sourceTree = "<group>";
		};
		E17D94792EF75A690095DF91 /* karto4kiTests */ = {
			isa = PBXFileSystemSynchronizedRootGroup;
			path = karto4kiTests;
			sourceTree = "<group>";
		};
		E17D94832EF75A690095DF91 /* karto4kiUITests */ = {
			isa = PBXFileSystemSynchronizedRootGroup;
			path = karto4kiUITests;
			sourceTree = "<group>";
		};
/* End PBXFileSystemSynchronizedRootGroup section */

/* Begin PBXFrameworksBuildPhase section */
		E17D945A2EF75A670095DF91 /* Frameworks */ = {
			isa = PBXFrameworksBuildPhase;
			buildActionMask = 2147483647;
			files = (
				71BF459215396473325D2ED7 /* Pods_karto4ki.framework in Frameworks */,
				E1A1E53A2F0DC11D004DCB0C /* Lottie in Frameworks */,
				E1E947C22F0FBFC1002B526C /* GoogleSignIn in Frameworks */,
				E1E947C42F0FBFC1002B526C /* GoogleSignInSwift in Frameworks */,
			);
			runOnlyForDeploymentPostprocessing = 0;
		};
		E17D94732EF75A690095DF91 /* Frameworks */ = {
			isa = PBXFrameworksBuildPhase;
			buildActionMask = 2147483647;
			files = (
				9E37C8F3F0047265A79F374A /* Pods_karto4kiTests.framework in Frameworks */,
			);
			runOnlyForDeploymentPostprocessing = 0;
		};
		E17D947D2EF75A690095DF91 /* Frameworks */ = {
			isa = PBXFrameworksBuildPhase;
			buildActionMask = 2147483647;
			files = (
				6B627267C0F574AE7657BD22 /* Pods_karto4ki_karto4kiUITests.framework in Frameworks */,
			);
			runOnlyForDeploymentPostprocessing = 0;
		};
/* End PBXFrameworksBuildPhase section */

/* Begin PBXGroup section */
		AED4DC6DF7A2878A187487E7 /* Pods */ = {
			isa = PBXGroup;
			children = (
				A9D9B19F5932A277B416BB1B /* Pods-karto4ki.debug.xcconfig */,
				4D65E121303020786FFBBBBE /* Pods-karto4ki.release.xcconfig */,
				0F192BB861B651B85501A200 /* Pods-karto4ki-karto4kiUITests.debug.xcconfig */,
				7C0EE5358D14A2724053BAA5 /* Pods-karto4ki-karto4kiUITests.release.xcconfig */,
				1778CD93F2BAF0935403AEA9 /* Pods-karto4kiTests.debug.xcconfig */,
				B2D772D57EF2AE4F5072B7B4 /* Pods-karto4kiTests.release.xcconfig */,
			);
			path = Pods;
			sourceTree = "<group>";
		};
		D6B6A680BA81D904F30F0F96 /* Frameworks */ = {
			isa = PBXGroup;
			children = (
				F130E11B9C01CB7D394F3FF0 /* Pods_karto4ki.framework */,
				51ACCAFFE54FB27AC5D77D98 /* Pods_karto4ki_karto4kiUITests.framework */,
				FE876CCD3FC4357CD7627710 /* Pods_karto4kiTests.framework */,
			);
			name = Frameworks;
			sourceTree = "<group>";
		};
		E17D94542EF75A670095DF91 = {
			isa = PBXGroup;
			children = (
				E17D945F2EF75A670095DF91 /* karto4ki */,
				E17D94792EF75A690095DF91 /* karto4kiTests */,
				E17D94832EF75A690095DF91 /* karto4kiUITests */,
				E17D945E2EF75A670095DF91 /* Products */,
				AED4DC6DF7A2878A187487E7 /* Pods */,
				D6B6A680BA81D904F30F0F96 /* Frameworks */,
			);
			sourceTree = "<group>";
		};
		E17D945E2EF75A670095DF91 /* Products */ = {
			isa = PBXGroup;
			children = (
				E17D945D2EF75A670095DF91 /* karto4ki.app */,
				E17D94762EF75A690095DF91 /* karto4kiTests.xctest */,
				E17D94802EF75A690095DF91 /* karto4kiUITests.xctest */,
			);
			name = Products;
			sourceTree = "<group>";
		};
/* End PBXGroup section */

/* Begin PBXNativeTarget section */
		E17D945C2EF75A670095DF91 /* karto4ki */ = {
			isa = PBXNativeTarget;
			buildConfigurationList = E17D94892EF75A690095DF91 /* Build configuration list for PBXNativeTarget "karto4ki" */;
			buildPhases = (
				75F2E6EC6E813BBE92B3288E /* [CP] Check Pods Manifest.lock */,
				E17D94592EF75A670095DF91 /* Sources */,
				E17D945A2EF75A670095DF91 /* Frameworks */,
				E17D945B2EF75A670095DF91 /* Resources */,
			);
			buildRules = (
			);
			dependencies = (
			);
			fileSystemSynchronizedGroups = (
				E17D945F2EF75A670095DF91 /* karto4ki */,
			);
			name = karto4ki;
			productName = karto4ki;
			productReference = E17D945D2EF75A670095DF91 /* karto4ki.app */;
			productType = "com.apple.product-type.application";
		};
		E17D94752EF75A690095DF91 /* karto4kiTests */ = {
			isa = PBXNativeTarget;
			buildConfigurationList = E17D948E2EF75A690095DF91 /* Build configuration list for PBXNativeTarget "karto4kiTests" */;
			buildPhases = (
				314B0D08C6B2774A73FDFE7A /* [CP] Check Pods Manifest.lock */,
				E17D94722EF75A690095DF91 /* Sources */,
				E17D94732EF75A690095DF91 /* Frameworks */,
				E17D94742EF75A690095DF91 /* Resources */,
				077CC33BC76D03B746D85FB1 /* [CP] Embed Pods Frameworks */,
			);
			buildRules = (
			);
			dependencies = (
				E17D94782EF75A690095DF91 /* PBXTargetDependency */,
			);
			fileSystemSynchronizedGroups = (
				E17D94792EF75A690095DF91 /* karto4kiTests */,
			);
			name = karto4kiTests;
			productName = karto4kiTests;
			productReference = E17D94762EF75A690095DF91 /* karto4kiTests.xctest */;
			productType = "com.apple.product-type.bundle.unit-test";
		};
		E17D947F2EF75A690095DF91 /* karto4kiUITests */ = {
			isa = PBXNativeTarget;
			buildConfigurationList = E17D94912EF75A690095DF91 /* Build configuration list for PBXNativeTarget "karto4kiUITests" */;
			buildPhases = (
				FE3F497802942B7EE3DBD817 /* [CP] Check Pods Manifest.lock */,
				E17D947C2EF75A690095DF91 /* Sources */,
				E17D947D2EF75A690095DF91 /* Frameworks */,
				E17D947E2EF75A690095DF91 /* Resources */,
			);
			buildRules = (
			);
			dependencies = (
				E17D94822EF75A690095DF91 /* PBXTargetDependency */,
			);
			fileSystemSynchronizedGroups = (
				E17D94832EF75A690095DF91 /* karto4kiUITests */,
			);
			name = karto4kiUITests;
			productName = karto4kiUITests;
			productReference = E17D94802EF75A690095DF91 /* karto4kiUITests.xctest */;
			productType = "com.apple.product-type.bundle.ui-testing";
		};
/* End PBXNativeTarget section */

/* Begin PBXProject section */
		E17D94552EF75A670095DF91 /* Project object */ = {
			isa = PBXProject;
			attributes = {
				BuildIndependentTargetsInParallel = 1;
				LastSwiftUpdateCheck = 1620;
				LastUpgradeCheck = 1620;
				TargetAttributes = {
					E17D945C2EF75A670095DF91 = {
						CreatedOnToolsVersion = 16.2;
					};
					E17D94752EF75A690095DF91 = {
						CreatedOnToolsVersion = 16.2;
						TestTargetID = E17D945C2EF75A670095DF91;
					};
					E17D947F2EF75A690095DF91 = {
						CreatedOnToolsVersion = 16.2;
						TestTargetID = E17D945C2EF75A670095DF91;
					};
				};
			};
			buildConfigurationList = E17D94582EF75A670095DF91 /* Build configuration list for PBXProject "karto4ki" */;
			developmentRegion = en;
			hasScannedForEncodings = 0;
			knownRegions = (
				en,
				Base,
			);
			mainGroup = E17D94542EF75A670095DF91;
			minimizedProjectReferenceProxies = 1;
			packageReferences = (
				E1A1E5382F0DC11D004DCB0C /* XCRemoteSwiftPackageReference "lottie-ios" */,
				E1E947C02F0FBFC1002B526C /* XCRemoteSwiftPackageReference "GoogleSignIn-iOS" */,
			);
			preferredProjectObjectVersion = 77;
			productRefGroup = E17D945E2EF75A670095DF91 /* Products */;
			projectDirPath = "";
			projectRoot = "";
			targets = (
				E17D945C2EF75A670095DF91 /* karto4ki */,
				E17D94752EF75A690095DF91 /* karto4kiTests */,
				E17D947F2EF75A690095DF91 /* karto4kiUITests */,
			);
		};
/* End PBXProject section */

/* Begin PBXResourcesBuildPhase section */
		E17D945B2EF75A670095DF91 /* Resources */ = {
			isa = PBXResourcesBuildPhase;
			buildActionMask = 2147483647;
			files = (
			);
			runOnlyForDeploymentPostprocessing = 0;
		};
		E17D94742EF75A690095DF91 /* Resources */ = {
			isa = PBXResourcesBuildPhase;
			buildActionMask = 2147483647;
			files = (
			);
			runOnlyForDeploymentPostprocessing = 0;
		};
		E17D947E2EF75A690095DF91 /* Resources */ = {
			isa = PBXResourcesBuildPhase;
			buildActionMask = 2147483647;
			files = (
			);
			runOnlyForDeploymentPostprocessing = 0;
		};
/* End PBXResourcesBuildPhase section */

/* Begin PBXShellScriptBuildPhase section */
		077CC33BC76D03B746D85FB1 /* [CP] Embed Pods Frameworks */ = {
			isa = PBXShellScriptBuildPhase;
			buildActionMask = 2147483647;
			files = (
			);
			inputFileListPaths = (
				"${PODS_ROOT}/Target Support Files/Pods-karto4kiTests/Pods-karto4kiTests-frameworks-${CONFIGURATION}-input-files.xcfilelist",
			);
			name = "[CP] Embed Pods Frameworks";
			outputFileListPaths = (
				"${PODS_ROOT}/Target Support Files/Pods-karto4kiTests/Pods-karto4kiTests-frameworks-${CONFIGURATION}-output-files.xcfilelist",
			);
			runOnlyForDeploymentPostprocessing = 0;
			shellPath = /bin/sh;
			shellScript = "\"${PODS_ROOT}/Target Support Files/Pods-karto4kiTests/Pods-karto4kiTests-frameworks.sh\"\n";
			showEnvVarsInLog = 0;
		};
		314B0D08C6B2774A73FDFE7A /* [CP] Check Pods Manifest.lock */ = {
			isa = PBXShellScriptBuildPhase;
			buildActionMask = 2147483647;
			files = (
			);
			inputFileListPaths = (
			);
			inputPaths = (
				"${PODS_PODFILE_DIR_PATH}/Podfile.lock",
				"${PODS_ROOT}/Manifest.lock",
			);
			name = "[CP] Check Pods Manifest.lock";
			outputFileListPaths = (
			);
			outputPaths = (
				"$(DERIVED_FILE_DIR)/Pods-karto4kiTests-checkManifestLockResult.txt",
			);
			runOnlyForDeploymentPostprocessing = 0;
			shellPath = /bin/sh;
			shellScript = "diff \"${PODS_PODFILE_DIR_PATH}/Podfile.lock\" \"${PODS_ROOT}/Manifest.lock\" > /dev/null\nif [ $? != 0 ] ; then\n    # print error to STDERR\n    echo \"error: The sandbox is not in sync with the Podfile.lock. Run 'pod install' or update your CocoaPods installation.\" >&2\n    exit 1\nfi\n# This output is used by Xcode 'outputs' to avoid re-running this script phase.\necho \"SUCCESS\" > \"${SCRIPT_OUTPUT_FILE_0}\"\n";
			showEnvVarsInLog = 0;
		};
		75F2E6EC6E813BBE92B3288E /* [CP] Check Pods Manifest.lock */ = {
			isa = PBXShellScriptBuildPhase;
			buildActionMask = 2147483647;
			files = (
			);
			inputFileListPaths = (
			);
			inputPaths = (
				"${PODS_PODFILE_DIR_PATH}/Podfile.lock",
				"${PODS_ROOT}/Manifest.lock",
			);
			name = "[CP] Check Pods Manifest.lock";
			outputFileListPaths = (
			);
			outputPaths = (
				"$(DERIVED_FILE_DIR)/Pods-karto4ki-checkManifestLockResult.txt",
			);
			runOnlyForDeploymentPostprocessing = 0;
			shellPath = /bin/sh;
			shellScript = "diff \"${PODS_PODFILE_DIR_PATH}/Podfile.lock\" \"${PODS_ROOT}/Manifest.lock\" > /dev/null\nif [ $? != 0 ] ; then\n    # print error to STDERR\n    echo \"error: The sandbox is not in sync with the Podfile.lock. Run 'pod install' or update your CocoaPods installation.\" >&2\n    exit 1\nfi\n# This output is used by Xcode 'outputs' to avoid re-running this script phase.\necho \"SUCCESS\" > \"${SCRIPT_OUTPUT_FILE_0}\"\n";
			showEnvVarsInLog = 0;
		};
		FE3F497802942B7EE3DBD817 /* [CP] Check Pods Manifest.lock */ = {
			isa = PBXShellScriptBuildPhase;
			buildActionMask = 2147483647;
			files = (
			);
			inputFileListPaths = (
			);
			inputPaths = (
				"${PODS_PODFILE_DIR_PATH}/Podfile.lock",
				"${PODS_ROOT}/Manifest.lock",
			);
			name = "[CP] Check Pods Manifest.lock";
			outputFileListPaths = (
			);
			outputPaths = (
				"$(DERIVED_FILE_DIR)/Pods-karto4ki-karto4kiUITests-checkManifestLockResult.txt",
			);
			runOnlyForDeploymentPostprocessing = 0;
			shellPath = /bin/sh;
			shellScript = "diff \"${PODS_PODFILE_DIR_PATH}/Podfile.lock\" \"${PODS_ROOT}/Manifest.lock\" > /dev/null\nif [ $? != 0 ] ; then\n    # print error to STDERR\n    echo \"error: The sandbox is not in sync with the Podfile.lock. Run 'pod install' or update your CocoaPods installation.\" >&2\n    exit 1\nfi\n# This output is used by Xcode 'outputs' to avoid re-running this script phase.\necho \"SUCCESS\" > \"${SCRIPT_OUTPUT_FILE_0}\"\n";
			showEnvVarsInLog = 0;
		};
/* End PBXShellScriptBuildPhase section */

/* Begin PBXSourcesBuildPhase section */
		E17D94592EF75A670095DF91 /* Sources */ = {
			isa = PBXSourcesBuildPhase;
			buildActionMask = 2147483647;
			files = (
			);
			runOnlyForDeploymentPostprocessing = 0;
		};
		E17D94722EF75A690095DF91 /* Sources */ = {
			isa = PBXSourcesBuildPhase;
			buildActionMask = 2147483647;
			files = (
			);
			runOnlyForDeploymentPostprocessing = 0;
		};
		E17D947C2EF75A690095DF91 /* Sources */ = {
			isa = PBXSourcesBuildPhase;
			buildActionMask = 2147483647;
			files = (
			);
			runOnlyForDeploymentPostprocessing = 0;
		};
/* End PBXSourcesBuildPhase section */

/* Begin PBXTargetDependency section */
		E17D94782EF75A690095DF91 /* PBXTargetDependency */ = {
			isa = PBXTargetDependency;
			target = E17D945C2EF75A670095DF91 /* karto4ki */;
			targetProxy = E17D94772EF75A690095DF91 /* PBXContainerItemProxy */;
		};
		E17D94822EF75A690095DF91 /* PBXTargetDependency */ = {
			isa = PBXTargetDependency;
			target = E17D945C2EF75A670095DF91 /* karto4ki */;
			targetProxy = E17D94812EF75A690095DF91 /* PBXContainerItemProxy */;
		};
/* End PBXTargetDependency section */

/* Begin XCBuildConfiguration section */
		E17D948A2EF75A690095DF91 /* Debug */ = {
			isa = XCBuildConfiguration;
			baseConfigurationReference = A9D9B19F5932A277B416BB1B /* Pods-karto4ki.debug.xcconfig */;
			buildSettings = {
				ASSETCATALOG_COMPILER_APPICON_NAME = AppIcon;
				ASSETCATALOG_COMPILER_GLOBAL_ACCENT_COLOR_NAME = AccentColor;
				CODE_SIGN_ENTITLEMENTS = karto4ki/karto4ki.entitlements;
				CODE_SIGN_STYLE = Automatic;
				CURRENT_PROJECT_VERSION = 1;
				DEVELOPMENT_TEAM = FUD5CPHJR9;
				GENERATE_INFOPLIST_FILE = YES;
				INFOPLIST_FILE = karto4ki/Info.plist;
				INFOPLIST_KEY_CFBundleDisplayName = "карто4ки";
				INFOPLIST_KEY_UIApplicationSupportsIndirectInputEvents = YES;
				INFOPLIST_KEY_UILaunchStoryboardName = LaunchScreen;
				INFOPLIST_KEY_UISupportedInterfaceOrientations = UIInterfaceOrientationPortrait;
				INFOPLIST_KEY_UISupportedInterfaceOrientations_iPad = "UIInterfaceOrientationLandscapeLeft UIInterfaceOrientationLandscapeRight UIInterfaceOrientationPortrait UIInterfaceOrientationPortraitUpsideDown";
				LD_RUNPATH_SEARCH_PATHS = (
					"$(inherited)",
					"@executable_path/Frameworks",
				);
				MARKETING_VERSION = 1.0;
				PRODUCT_BUNDLE_IDENTIFIER = su.brf.apps.karto4ki;
				PRODUCT_NAME = "$(TARGET_NAME)";
				SWIFT_EMIT_LOC_STRINGS = YES;
				SWIFT_VERSION = 5.0;
				TARGETED_DEVICE_FAMILY = "1,2";
			};
			name = Debug;
		};
		E17D948B2EF75A690095DF91 /* Release */ = {
			isa = XCBuildConfiguration;
			baseConfigurationReference = 4D65E121303020786FFBBBBE /* Pods-karto4ki.release.xcconfig */;
			buildSettings = {
				ASSETCATALOG_COMPILER_APPICON_NAME = AppIcon;
				ASSETCATALOG_COMPILER_GLOBAL_ACCENT_COLOR_NAME = AccentColor;
				CODE_SIGN_ENTITLEMENTS = karto4ki/karto4ki.entitlements;
				CODE_SIGN_STYLE = Automatic;
				CURRENT_PROJECT_VERSION = 1;
				DEVELOPMENT_TEAM = FUD5CPHJR9;
				GENERATE_INFOPLIST_FILE = YES;
				INFOPLIST_FILE = karto4ki/Info.plist;
				INFOPLIST_KEY_CFBundleDisplayName = "карто4ки";
				INFOPLIST_KEY_UIApplicationSupportsIndirectInputEvents = YES;
				INFOPLIST_KEY_UILaunchStoryboardName = LaunchScreen;
				INFOPLIST_KEY_UISupportedInterfaceOrientations = UIInterfaceOrientationPortrait;
				INFOPLIST_KEY_UISupportedInterfaceOrientations_iPad = "UIInterfaceOrientationLandscapeLeft UIInterfaceOrientationLandscapeRight UIInterfaceOrientationPortrait UIInterfaceOrientationPortraitUpsideDown";
				LD_RUNPATH_SEARCH_PATHS = (
					"$(inherited)",
					"@executable_path/Frameworks",
				);
				MARKETING_VERSION = 1.0;
				PRODUCT_BUNDLE_IDENTIFIER = su.brf.apps.karto4ki;
				PRODUCT_NAME = "$(TARGET_NAME)";
				SWIFT_EMIT_LOC_STRINGS = YES;
				SWIFT_VERSION = 5.0;
				TARGETED_DEVICE_FAMILY = "1,2";
			};
			name = Release;
		};
		E17D948C2EF75A690095DF91 /* Debug */ = {
			isa = XCBuildConfiguration;
			baseConfigurationReferenceAnchor = E17D945F2EF75A670095DF91 /* karto4ki */;
			baseConfigurationReferenceRelativePath = Base.xcconfig;
			buildSettings = {
				ALWAYS_SEARCH_USER_PATHS = NO;
				ASSETCATALOG_COMPILER_GENERATE_SWIFT_ASSET_SYMBOL_EXTENSIONS = YES;
				CLANG_ANALYZER_NONNULL = YES;
				CLANG_ANALYZER_NUMBER_OBJECT_CONVERSION = YES_AGGRESSIVE;
				CLANG_CXX_LANGUAGE_STANDARD = "gnu++20";
				CLANG_ENABLE_MODULES = YES;
				CLANG_ENABLE_OBJC_ARC = YES;
				CLANG_ENABLE_OBJC_WEAK = YES;
				CLANG_WARN_BLOCK_CAPTURE_AUTORELEASING = YES;
				CLANG_WARN_BOOL_CONVERSION = YES;
				CLANG_WARN_COMMA = YES;
				CLANG_WARN_CONSTANT_CONVERSION = YES;
				CLANG_WARN_DEPRECATED_OBJC_IMPLEMENTATIONS = YES;
				CLANG_WARN_DIRECT_OBJC_ISA_USAGE = YES_ERROR;
				CLANG_WARN_DOCUMENTATION_COMMENTS = YES;
				CLANG_WARN_EMPTY_BODY = YES;
				CLANG_WARN_ENUM_CONVERSION = YES;
				CLANG_WARN_INFINITE_RECURSION = YES;
				CLANG_WARN_INT_CONVERSION = YES;
				CLANG_WARN_NON_LITERAL_NULL_CONVERSION = YES;
				CLANG_WARN_OBJC_IMPLICIT_RETAIN_SELF = YES;
				CLANG_WARN_OBJC_LITERAL_CONVERSION = YES;
				CLANG_WARN_OBJC_ROOT_CLASS = YES_ERROR;
				CLANG_WARN_QUOTED_INCLUDE_IN_FRAMEWORK_HEADER = YES;
				CLANG_WARN_RANGE_LOOP_ANALYSIS = YES;
				CLANG_WARN_STRICT_PROTOTYPES = YES;
				CLANG_WARN_SUSPICIOUS_MOVE = YES;
				CLANG_WARN_UNGUARDED_AVAILABILITY = YES_AGGRESSIVE;
				CLANG_WARN_UNREACHABLE_CODE = YES;
				CLANG_WARN__DUPLICATE_METHOD_MATCH = YES;
				COPY_PHASE_STRIP = NO;
				DEBUG_INFORMATION_FORMAT = dwarf;
				ENABLE_STRICT_OBJC_MSGSEND = YES;
				ENABLE_TESTABILITY = YES;
				ENABLE_USER_SCRIPT_SANDBOXING = YES;
				GCC_C_LANGUAGE_STANDARD = gnu17;
				GCC_DYNAMIC_NO_PIC = NO;
				GCC_NO_COMMON_BLOCKS = YES;
				GCC_OPTIMIZATION_LEVEL = 0;
				GCC_PREPROCESSOR_DEFINITIONS = (
					"DEBUG=1",
					"$(inherited)",
				);
				GCC_WARN_64_TO_32_BIT_CONVERSION = YES;
				GCC_WARN_ABOUT_RETURN_TYPE = YES_ERROR;
				GCC_WARN_UNDECLARED_SELECTOR = YES;
				GCC_WARN_UNINITIALIZED_AUTOS = YES_AGGRESSIVE;
				GCC_WARN_UNUSED_FUNCTION = YES;
				GCC_WARN_UNUSED_VARIABLE = YES;
				IPHONEOS_DEPLOYMENT_TARGET = 18.2;
				LOCALIZATION_PREFERS_STRING_CATALOGS = YES;
				MTL_ENABLE_DEBUG_INFO = INCLUDE_SOURCE;
				MTL_FAST_MATH = YES;
				ONLY_ACTIVE_ARCH = YES;
				SDKROOT = iphoneos;
				SWIFT_ACTIVE_COMPILATION_CONDITIONS = "DEBUG $(inherited)";
				SWIFT_OPTIMIZATION_LEVEL = "-Onone";
			};
			name = Debug;
		};
		E17D948D2EF75A690095DF91 /* Release */ = {
			isa = XCBuildConfiguration;
			baseConfigurationReferenceAnchor = E17D945F2EF75A670095DF91 /* karto4ki */;
			baseConfigurationReferenceRelativePath = Base.xcconfig;
			buildSettings = {
				ALWAYS_SEARCH_USER_PATHS = NO;
				ASSETCATALOG_COMPILER_GENERATE_SWIFT_ASSET_SYMBOL_EXTENSIONS = YES;
				CLANG_ANALYZER_NONNULL = YES;
				CLANG_ANALYZER_NUMBER_OBJECT_CONVERSION = YES_AGGRESSIVE;
				CLANG_CXX_LANGUAGE_STANDARD = "gnu++20";
				CLANG_ENABLE_MODULES = YES;
				CLANG_ENABLE_OBJC_ARC = YES;
				CLANG_ENABLE_OBJC_WEAK = YES;
				CLANG_WARN_BLOCK_CAPTURE_AUTORELEASING = YES;
				CLANG_WARN_BOOL_CONVERSION = YES;
				CLANG_WARN_COMMA = YES;
				CLANG_WARN_CONSTANT_CONVERSION = YES;
				CLANG_WARN_DEPRECATED_OBJC_IMPLEMENTATIONS = YES;
				CLANG_WARN_DIRECT_OBJC_ISA_USAGE = YES_ERROR;
				CLANG_WARN_DOCUMENTATION_COMMENTS = YES;
				CLANG_WARN_EMPTY_BODY = YES;
				CLANG_WARN_ENUM_CONVERSION = YES;
				CLANG_WARN_INFINITE_RECURSION = YES;
				CLANG_WARN_INT_CONVERSION = YES;
				CLANG_WARN_NON_LITERAL_NULL_CONVERSION = YES;
				CLANG_WARN_OBJC_IMPLICIT_RETAIN_SELF = YES;
				CLANG_WARN_OBJC_LITERAL_CONVERSION = YES;
				CLANG_WARN_OBJC_ROOT_CLASS = YES_ERROR;
				CLANG_WARN_QUOTED_INCLUDE_IN_FRAMEWORK_HEADER = YES;
				CLANG_WARN_RANGE_LOOP_ANALYSIS = YES;
				CLANG_WARN_STRICT_PROTOTYPES = YES;
				CLANG_WARN_SUSPICIOUS_MOVE = YES;
				CLANG_WARN_UNGUARDED_AVAILABILITY = YES_AGGRESSIVE;
				CLANG_WARN_UNREACHABLE_CODE = YES;
				CLANG_WARN__DUPLICATE_METHOD_MATCH = YES;
				COPY_PHASE_STRIP = NO;
				DEBUG_INFORMATION_FORMAT = "dwarf-with-dsym";
				ENABLE_NS_ASSERTIONS = NO;
				ENABLE_STRICT_OBJC_MSGSEND = YES;
				ENABLE_USER_SCRIPT_SANDBOXING = YES;
				GCC_C_LANGUAGE_STANDARD = gnu17;
				GCC_NO_COMMON_BLOCKS = YES;
				GCC_WARN_64_TO_32_BIT_CONVERSION = YES;
				GCC_WARN_ABOUT_RETURN_TYPE = YES_ERROR;
				GCC_WARN_UNDECLARED_SELECTOR = YES;
				GCC_WARN_UNINITIALIZED_AUTOS = YES_AGGRESSIVE;
				GCC_WARN_UNUSED_FUNCTION = YES;
				GCC_WARN_UNUSED_VARIABLE = YES;
				IPHONEOS_DEPLOYMENT_TARGET = 18.2;
				LOCALIZATION_PREFERS_STRING_CATALOGS = YES;
				MTL_ENABLE_DEBUG_INFO = NO;
				MTL_FAST_MATH = YES;
				SDKROOT = iphoneos;
				SWIFT_COMPILATION_MODE = wholemodule;
				VALIDATE_PRODUCT = YES;
			};
			name = Release;
		};
		E17D948F2EF75A690095DF91 /* Debug */ = {
			isa = XCBuildConfiguration;
			baseConfigurationReference = 1778CD93F2BAF0935403AEA9 /* Pods-karto4kiTests.debug.xcconfig */;
			buildSettings = {
				BUNDLE_LOADER = "$(TEST_HOST)";
				CODE_SIGN_STYLE = Automatic;
				CURRENT_PROJECT_VERSION = 1;
				DEVELOPMENT_TEAM = F46Y9QM766;
				GENERATE_INFOPLIST_FILE = YES;
				IPHONEOS_DEPLOYMENT_TARGET = 18.2;
				MARKETING_VERSION = 1.0;
				PRODUCT_BUNDLE_IDENTIFIER = lzkgmr.karto4kiTests;
				PRODUCT_NAME = "$(TARGET_NAME)";
				SWIFT_EMIT_LOC_STRINGS = NO;
				SWIFT_VERSION = 5.0;
				TARGETED_DEVICE_FAMILY = "1,2";
				TEST_HOST = "$(BUILT_PRODUCTS_DIR)/karto4ki.app/$(BUNDLE_EXECUTABLE_FOLDER_PATH)/karto4ki";
			};
			name = Debug;
		};
		E17D94902EF75A690095DF91 /* Release */ = {
			isa = XCBuildConfiguration;
			baseConfigurationReference = B2D772D57EF2AE4F5072B7B4 /* Pods-karto4kiTests.release.xcconfig */;
			buildSettings = {
				BUNDLE_LOADER = "$(TEST_HOST)";
				CODE_SIGN_STYLE = Automatic;
				CURRENT_PROJECT_VERSION = 1;
				DEVELOPMENT_TEAM = F46Y9QM766;
				GENERATE_INFOPLIST_FILE = YES;
				IPHONEOS_DEPLOYMENT_TARGET = 18.2;
				MARKETING_VERSION = 1.0;
				PRODUCT_BUNDLE_IDENTIFIER = lzkgmr.karto4kiTests;
				PRODUCT_NAME = "$(TARGET_NAME)";
				SWIFT_EMIT_LOC_STRINGS = NO;
				SWIFT_VERSION = 5.0;
				TARGETED_DEVICE_FAMILY = "1,2";
				TEST_HOST = "$(BUILT_PRODUCTS_DIR)/karto4ki.app/$(BUNDLE_EXECUTABLE_FOLDER_PATH)/karto4ki";
			};
			name = Release;
		};
		E17D94922EF75A690095DF91 /* Debug */ = {
			isa = XCBuildConfiguration;
			baseConfigurationReference = 0F192BB861B651B85501A200 /* Pods-karto4ki-karto4kiUITests.debug.xcconfig */;
			buildSettings = {
				CODE_SIGN_STYLE = Automatic;
				CURRENT_PROJECT_VERSION = 1;
				DEVELOPMENT_TEAM = F46Y9QM766;
				GENERATE_INFOPLIST_FILE = YES;
				MARKETING_VERSION = 1.0;
				PRODUCT_BUNDLE_IDENTIFIER = lzkgmr.karto4kiUITests;
				PRODUCT_NAME = "$(TARGET_NAME)";
				SWIFT_EMIT_LOC_STRINGS = NO;
				SWIFT_VERSION = 5.0;
				TARGETED_DEVICE_FAMILY = "1,2";
				TEST_TARGET_NAME = karto4ki;
			};
			name = Debug;
		};
		E17D94932EF75A690095DF91 /* Release */ = {
			isa = XCBuildConfiguration;
			baseConfigurationReference = 7C0EE5358D14A2724053BAA5 /* Pods-karto4ki-karto4kiUITests.release.xcconfig */;
			buildSettings = {
				CODE_SIGN_STYLE = Automatic;
				CURRENT_PROJECT_VERSION = 1;
				DEVELOPMENT_TEAM = F46Y9QM766;
				GENERATE_INFOPLIST_FILE = YES;
				MARKETING_VERSION = 1.0;
				PRODUCT_BUNDLE_IDENTIFIER = lzkgmr.karto4kiUITests;
				PRODUCT_NAME = "$(TARGET_NAME)";
				SWIFT_EMIT_LOC_STRINGS = NO;
				SWIFT_VERSION = 5.0;
				TARGETED_DEVICE_FAMILY = "1,2";
				TEST_TARGET_NAME = karto4ki;
			};
			name = Release;
		};
/* End XCBuildConfiguration section */

/* Begin XCConfigurationList section */
		E17D94582EF75A670095DF91 /* Build configuration list for PBXProject "karto4ki" */ = {
			isa = XCConfigurationList;
			buildConfigurations = (
				E17D948C2EF75A690095DF91 /* Debug */,
				E17D948D2EF75A690095DF91 /* Release */,
			);
			defaultConfigurationIsVisible = 0;
			defaultConfigurationName = Release;
		};
		E17D94892EF75A690095DF91 /* Build configuration list for PBXNativeTarget "karto4ki" */ = {
			isa = XCConfigurationList;
			buildConfigurations = (
				E17D948A2EF75A690095DF91 /* Debug */,
				E17D948B2EF75A690095DF91 /* Release */,
			);
			defaultConfigurationIsVisible = 0;
			defaultConfigurationName = Release;
		};
		E17D948E2EF75A690095DF91 /* Build configuration list for PBXNativeTarget "karto4kiTests" */ = {
			isa = XCConfigurationList;
			buildConfigurations = (
				E17D948F2EF75A690095DF91 /* Debug */,
				E17D94902EF75A690095DF91 /* Release */,
			);
			defaultConfigurationIsVisible = 0;
			defaultConfigurationName = Release;
		};
		E17D94912EF75A690095DF91 /* Build configuration list for PBXNativeTarget "karto4kiUITests" */ = {
			isa = XCConfigurationList;
			buildConfigurations = (
				E17D94922EF75A690095DF91 /* Debug */,
				E17D94932EF75A690095DF91 /* Release */,
			);
			defaultConfigurationIsVisible = 0;
			defaultConfigurationName = Release;
		};
/* End XCConfigurationList section */

/* Begin XCRemoteSwiftPackageReference section */
		E1A1E5382F0DC11D004DCB0C /* XCRemoteSwiftPackageReference "lottie-ios" */ = {
			isa = XCRemoteSwiftPackageReference;
			repositoryURL = "https://github.com/airbnb/lottie-ios";
			requirement = {
				kind = upToNextMajorVersion;
				minimumVersion = 4.6.0;
			};
		};
		E1E947C02F0FBFC1002B526C /* XCRemoteSwiftPackageReference "GoogleSignIn-iOS" */ = {
			isa = XCRemoteSwiftPackageReference;
			repositoryURL = "https://github.com/google/GoogleSignIn-iOS";
			requirement = {
				kind = upToNextMajorVersion;
				minimumVersion = 9.1.0;
			};
		};
/* End XCRemoteSwiftPackageReference section */

/* Begin XCSwiftPackageProductDependency section */
		E1A1E5392F0DC11D004DCB0C /* Lottie */ = {
			isa = XCSwiftPackageProductDependency;
			package = E1A1E5382F0DC11D004DCB0C /* XCRemoteSwiftPackageReference "lottie-ios" */;
			productName = Lottie;
		};
		E1E947C12F0FBFC1002B526C /* GoogleSignIn */ = {
			isa = XCSwiftPackageProductDependency;
			package = E1E947C02F0FBFC1002B526C /* XCRemoteSwiftPackageReference "GoogleSignIn-iOS" */;
			productName = GoogleSignIn;
		};
		E1E947C32F0FBFC1002B526C /* GoogleSignInSwift */ = {
			isa = XCSwiftPackageProductDependency;
			package = E1E947C02F0FBFC1002B526C /* XCRemoteSwiftPackageReference "GoogleSignIn-iOS" */;
			productName = GoogleSignInSwift;
		};
/* End XCSwiftPackageProductDependency section */
	};
	rootObject = E17D94552EF75A670095DF91 /* Project object */;
}
